
Microsoft Visual Studio Solution File, Format Version 12.00
# Visual Studio 15
VisualStudioVersion = 15.0.26124.0
MinimumVisualStudioVersion = 15.0.26124.0
Project("{FAE04EC0-301F-11D3-BF4B-00C04F79EFBC}") = "Command_Pattern", "Command_Pattern_Example\Command_Pattern.csproj", "{F8C7BB32-7A0F-4939-9DB9-64F59F29CE19}"
EndProject
Project("{FAE04EC0-301F-11D3-BF4B-00C04F79EFBC}") = "Builder_Pattern", "Builder_Pattern_Example\Builder_Pattern.csproj", "{F83B8F27-28EC-4127-8AD8-44D1A36F23F1}"
EndProject
Project("{FAE04EC0-301F-11D3-BF4B-00C04F79EFBC}") = "Factory_Pattern", "Factory_Pattern\Factory_Pattern.csproj", "{09ED9293-84A1-4A32-A704-B3718E6597E0}"
EndProject
Project("{2150E333-8FDC-42A3-9474-1A3956D46DE8}") = "Algorithms", "Algorithms", "{D2422A45-9101-4133-BE74-A88FA44CAE64}"
EndProject
Project("{FAE04EC0-301F-11D3-BF4B-00C04F79EFBC}") = "solution1", "Algorithms\solution1\solution1.csproj", "{2ECCB146-76C7-40B6-BFED-03427B1643FF}"
EndProject
Project("{FAE04EC0-301F-11D3-BF4B-00C04F79EFBC}") = "solution2", "Algorithms\solution2\solution2.csproj", "{828D4349-EA22-401E-9584-5648F2DFA20F}"
EndProject
Project("{FAE04EC0-301F-11D3-BF4B-00C04F79EFBC}") = "factory_functions", "FactoryPattern.Testing\factory_functions.csproj", "{D8347D6B-E09C-451E-965C-BEE8C21C311C}"
EndProject
Project("{FAE04EC0-301F-11D3-BF4B-00C04F79EFBC}") = "BuilderPattern.Testing", "BuilderPattern.Testing\BuilderPattern.Testing.csproj", "{161F7A09-9758-4726-9301-ECD0468ED5DC}"
EndProject
Project("{FAE04EC0-301F-11D3-BF4B-00C04F79EFBC}") = "CommandPattern.Testing", "CommandPattern.Testing\CommandPattern.Testing.csproj", "{F31F5B2D-58C1-46E2-8433-763323962642}"
EndProject
Project("{FAE04EC0-301F-11D3-BF4B-00C04F79EFBC}") = "solution3", "Algorithms\solution3\solution3.csproj", "{CB78B110-804C-4BDB-9522-B20F8EB402E0}"
EndProject
Project("{FAE04EC0-301F-11D3-BF4B-00C04F79EFBC}") = "Facade_Design_Pattern", "Facade_Design_Pattern\Facade_Design_Pattern.csproj", "{076E19A0-789A-48B8-B271-559CD55E950F}"
EndProject
Project("{FAE04EC0-301F-11D3-BF4B-00C04F79EFBC}") = "FacadePattern.Testing", "FacadePattern.Testing\FacadePattern.Testing.csproj", "{62995B24-9962-4729-9AED-489C31155EA0}"
EndProject
Project("{2150E333-8FDC-42A3-9474-1A3956D46DE8}") = "Puzzle3", "Puzzle3", "{34B286A6-B73C-4E73-877A-F08F9FEC4FB4}"
EndProject
Project("{FAE04EC0-301F-11D3-BF4B-00C04F79EFBC}") = "EdgeConditions", "Puzzle3\EdgeConditions\EdgeConditions.csproj", "{DA6857BD-E7B8-488C-820A-CE57D8F03D58}"
EndProject
Project("{FAE04EC0-301F-11D3-BF4B-00C04F79EFBC}") = "solution2", "Puzzle3\solution2\solution2.csproj", "{045BD944-D0F7-48C6-AFDA-92860CE8482E}"
EndProject
Project("{2150E333-8FDC-42A3-9474-1A3956D46DE8}") = "Singleton_Pattern", "Singleton_Pattern", "{6F8C67A0-AAFE-48E7-98F5-4B768FE27537}"
EndProject
Project("{FAE04EC0-301F-11D3-BF4B-00C04F79EFBC}") = "NothreadSafesdp", "Singleton_Pattern\NoThreadSafeSDP\NothreadSafesdp.csproj", "{F357132F-57FA-4ABA-BFF3-8F8876EF6F86}"
EndProject
Project("{FAE04EC0-301F-11D3-BF4B-00C04F79EFBC}") = "ThreadSafe_withNoLocks", "Singleton_Pattern\ThreadSafe_withNoLocks\ThreadSafe_withNoLocks.csproj", "{D67249B0-500C-4E99-9D64-2AD107C1C494}"
EndProject
Project("{FAE04EC0-301F-11D3-BF4B-00C04F79EFBC}") = "ThreadSafetySdp", "Singleton_Pattern\ThreadSafetySDP\ThreadSafetySdp.csproj", "{F3E8CCA6-AAB7-40CE-B1A8-59698DD4D99B}"
EndProject
Project("{FAE04EC0-301F-11D3-BF4B-00C04F79EFBC}") = "ThreadsafetyUsingDoubleLocking_sdp", "Singleton_Pattern\ThreadSafetyUsingDoubleLocking_SDP\ThreadsafetyUsingDoubleLocking_sdp.csproj", "{AC0000BF-C291-4EC1-92BC-741E17B12799}"
EndProject
Project("{FAE04EC0-301F-11D3-BF4B-00C04F79EFBC}") = "DecoratorPattern.Example", "DecoratorPattern.Example\DecoratorPattern.Example.csproj", "{28602676-370E-44C0-9A71-6E68F0A68BDB}"
EndProject
Project("{2150E333-8FDC-42A3-9474-1A3956D46DE8}") = "SpiralMatrixSolution", "SpiralMatrixSolution", "{0228C48C-0C7B-476A-9894-71A8C4415C19}"
EndProject
Project("{FAE04EC0-301F-11D3-BF4B-00C04F79EFBC}") = "Observer_pattern_Example", "Observer_Pattern_Example\Observer_pattern_Example.csproj", "{22C1BB61-C605-4702-AB11-A1128D6D0D7D}"
EndProject
Project("{FAE04EC0-301F-11D3-BF4B-00C04F79EFBC}") = "customerStrategy.test", "CustomerStrategy.Test\customerStrategy.test.csproj", "{10A57C49-C993-4CDA-9A91-10C62B03794C}"
EndProject
Project("{FAE04EC0-301F-11D3-BF4B-00C04F79EFBC}") = "StrategyPattern.Example", "StrategyPattern.Example\StrategyPattern.Example.csproj", "{A15FE3F5-EAAA-4590-89E5-56A5E953ECC5}"
EndProject
Global
	GlobalSection(SolutionConfigurationPlatforms) = preSolution
		Debug|Any CPU = Debug|Any CPU
		Debug|x64 = Debug|x64
		Debug|x86 = Debug|x86
		Release|Any CPU = Release|Any CPU
		Release|x64 = Release|x64
		Release|x86 = Release|x86
	EndGlobalSection
	GlobalSection(SolutionProperties) = preSolution
		HideSolutionNode = FALSE
	EndGlobalSection
	GlobalSection(ProjectConfigurationPlatforms) = postSolution
		{13ECE6B2-E2CE-4AF2-86BF-0D166F834EC0}.Debug|Any CPU.ActiveCfg = Debug|Any CPU
		{13ECE6B2-E2CE-4AF2-86BF-0D166F834EC0}.Debug|Any CPU.Build.0 = Debug|Any CPU
		{13ECE6B2-E2CE-4AF2-86BF-0D166F834EC0}.Debug|x64.ActiveCfg = Debug|Any CPU
		{13ECE6B2-E2CE-4AF2-86BF-0D166F834EC0}.Debug|x64.Build.0 = Debug|Any CPU
		{13ECE6B2-E2CE-4AF2-86BF-0D166F834EC0}.Debug|x86.ActiveCfg = Debug|Any CPU
		{13ECE6B2-E2CE-4AF2-86BF-0D166F834EC0}.Debug|x86.Build.0 = Debug|Any CPU
		{13ECE6B2-E2CE-4AF2-86BF-0D166F834EC0}.Release|Any CPU.ActiveCfg = Release|Any CPU
		{13ECE6B2-E2CE-4AF2-86BF-0D166F834EC0}.Release|Any CPU.Build.0 = Release|Any CPU
		{13ECE6B2-E2CE-4AF2-86BF-0D166F834EC0}.Release|x64.ActiveCfg = Release|Any CPU
		{13ECE6B2-E2CE-4AF2-86BF-0D166F834EC0}.Release|x64.Build.0 = Release|Any CPU
		{13ECE6B2-E2CE-4AF2-86BF-0D166F834EC0}.Release|x86.ActiveCfg = Release|Any CPU
		{13ECE6B2-E2CE-4AF2-86BF-0D166F834EC0}.Release|x86.Build.0 = Release|Any CPU
		{876E7BAB-B922-4CFC-BC18-1EECA123DC06}.Debug|Any CPU.ActiveCfg = Debug|Any CPU
		{876E7BAB-B922-4CFC-BC18-1EECA123DC06}.Debug|Any CPU.Build.0 = Debug|Any CPU
		{876E7BAB-B922-4CFC-BC18-1EECA123DC06}.Debug|x64.ActiveCfg = Debug|Any CPU
		{876E7BAB-B922-4CFC-BC18-1EECA123DC06}.Debug|x64.Build.0 = Debug|Any CPU
		{876E7BAB-B922-4CFC-BC18-1EECA123DC06}.Debug|x86.ActiveCfg = Debug|Any CPU
		{876E7BAB-B922-4CFC-BC18-1EECA123DC06}.Debug|x86.Build.0 = Debug|Any CPU
		{876E7BAB-B922-4CFC-BC18-1EECA123DC06}.Release|Any CPU.ActiveCfg = Release|Any CPU
		{876E7BAB-B922-4CFC-BC18-1EECA123DC06}.Release|Any CPU.Build.0 = Release|Any CPU
		{876E7BAB-B922-4CFC-BC18-1EECA123DC06}.Release|x64.ActiveCfg = Release|Any CPU
		{876E7BAB-B922-4CFC-BC18-1EECA123DC06}.Release|x64.Build.0 = Release|Any CPU
		{876E7BAB-B922-4CFC-BC18-1EECA123DC06}.Release|x86.ActiveCfg = Release|Any CPU
		{876E7BAB-B922-4CFC-BC18-1EECA123DC06}.Release|x86.Build.0 = Release|Any CPU
		{09ED9293-84A1-4A32-A704-B3718E6597E0}.Debug|Any CPU.ActiveCfg = Debug|Any CPU
		{09ED9293-84A1-4A32-A704-B3718E6597E0}.Debug|Any CPU.Build.0 = Debug|Any CPU
		{09ED9293-84A1-4A32-A704-B3718E6597E0}.Debug|x64.ActiveCfg = Debug|Any CPU
		{09ED9293-84A1-4A32-A704-B3718E6597E0}.Debug|x64.Build.0 = Debug|Any CPU
		{09ED9293-84A1-4A32-A704-B3718E6597E0}.Debug|x86.ActiveCfg = Debug|Any CPU
		{09ED9293-84A1-4A32-A704-B3718E6597E0}.Debug|x86.Build.0 = Debug|Any CPU
		{09ED9293-84A1-4A32-A704-B3718E6597E0}.Release|Any CPU.ActiveCfg = Release|Any CPU
		{09ED9293-84A1-4A32-A704-B3718E6597E0}.Release|Any CPU.Build.0 = Release|Any CPU
		{09ED9293-84A1-4A32-A704-B3718E6597E0}.Release|x64.ActiveCfg = Release|Any CPU
		{09ED9293-84A1-4A32-A704-B3718E6597E0}.Release|x64.Build.0 = Release|Any CPU
		{09ED9293-84A1-4A32-A704-B3718E6597E0}.Release|x86.ActiveCfg = Release|Any CPU
		{09ED9293-84A1-4A32-A704-B3718E6597E0}.Release|x86.Build.0 = Release|Any CPU
		{2ECCB146-76C7-40B6-BFED-03427B1643FF}.Debug|Any CPU.ActiveCfg = Debug|Any CPU
		{2ECCB146-76C7-40B6-BFED-03427B1643FF}.Debug|Any CPU.Build.0 = Debug|Any CPU
		{2ECCB146-76C7-40B6-BFED-03427B1643FF}.Debug|x64.ActiveCfg = Debug|Any CPU
		{2ECCB146-76C7-40B6-BFED-03427B1643FF}.Debug|x64.Build.0 = Debug|Any CPU
		{2ECCB146-76C7-40B6-BFED-03427B1643FF}.Debug|x86.ActiveCfg = Debug|Any CPU
		{2ECCB146-76C7-40B6-BFED-03427B1643FF}.Debug|x86.Build.0 = Debug|Any CPU
		{2ECCB146-76C7-40B6-BFED-03427B1643FF}.Release|Any CPU.ActiveCfg = Release|Any CPU
		{2ECCB146-76C7-40B6-BFED-03427B1643FF}.Release|Any CPU.Build.0 = Release|Any CPU
		{2ECCB146-76C7-40B6-BFED-03427B1643FF}.Release|x64.ActiveCfg = Release|Any CPU
		{2ECCB146-76C7-40B6-BFED-03427B1643FF}.Release|x64.Build.0 = Release|Any CPU
		{2ECCB146-76C7-40B6-BFED-03427B1643FF}.Release|x86.ActiveCfg = Release|Any CPU
		{2ECCB146-76C7-40B6-BFED-03427B1643FF}.Release|x86.Build.0 = Release|Any CPU
		{828D4349-EA22-401E-9584-5648F2DFA20F}.Debug|Any CPU.ActiveCfg = Debug|Any CPU
		{828D4349-EA22-401E-9584-5648F2DFA20F}.Debug|Any CPU.Build.0 = Debug|Any CPU
		{828D4349-EA22-401E-9584-5648F2DFA20F}.Debug|x64.ActiveCfg = Debug|Any CPU
		{828D4349-EA22-401E-9584-5648F2DFA20F}.Debug|x64.Build.0 = Debug|Any CPU
		{828D4349-EA22-401E-9584-5648F2DFA20F}.Debug|x86.ActiveCfg = Debug|Any CPU
		{828D4349-EA22-401E-9584-5648F2DFA20F}.Debug|x86.Build.0 = Debug|Any CPU
		{828D4349-EA22-401E-9584-5648F2DFA20F}.Release|Any CPU.ActiveCfg = Release|Any CPU
		{828D4349-EA22-401E-9584-5648F2DFA20F}.Release|Any CPU.Build.0 = Release|Any CPU
		{828D4349-EA22-401E-9584-5648F2DFA20F}.Release|x64.ActiveCfg = Release|Any CPU
		{828D4349-EA22-401E-9584-5648F2DFA20F}.Release|x64.Build.0 = Release|Any CPU
		{828D4349-EA22-401E-9584-5648F2DFA20F}.Release|x86.ActiveCfg = Release|Any CPU
		{828D4349-EA22-401E-9584-5648F2DFA20F}.Release|x86.Build.0 = Release|Any CPU
	EndGlobalSection
	GlobalSection(NestedProjects) = preSolution
		{2ECCB146-76C7-40B6-BFED-03427B1643FF} = {D2422A45-9101-4133-BE74-A88FA44CAE64}
		{828D4349-EA22-401E-9584-5648F2DFA20F} = {D2422A45-9101-4133-BE74-A88FA44CAE64}
	EndGlobalSection
EndGlobal
